
Microsoft Visual Studio Solution File, Format Version 12.00
# Visual Studio Version 16
VisualStudioVersion = 16.0.29102.190
MinimumVisualStudioVersion = 10.0.40219.1
Project("{8BC9CEB8-8B4A-11D0-8D11-00A0C91BC942}") = "WxBindShell", "WxBindShell.vcxproj", "{E7C54733-433B-42D1-A871-A6ACC9F57ED2}"
EndProject
Global
	GlobalSection(SolutionConfigurationPlatforms) = preSolution
		Debug|x64 = Debug|x64
		Debug|x86 = Debug|x86
		Release|x64 = Release|x64
		Release|x86 = Release|x86
	EndGlobalSection
	GlobalSection(ProjectConfigurationPlatforms) = postSolution
		{E7C54733-433B-42D1-A871-A6ACC9F57ED2}.Debug|x64.ActiveCfg = Debug|x64
		{E7C54733-433B-42D1-A871-A6ACC9F57ED2}.Debug|x64.Build.0 = Debug|x64
		{E7C54733-433B-42D1-A871-A6ACC9F57ED2}.Debug|x86.ActiveCfg = Debug|Win32
		{E7C54733-433B-42D1-A871-A6ACC9F57ED2}.Debug|x86.Build.0 = Debug|Win32
		{E7C54733-433B-42D1-A871-A6ACC9F57ED2}.Release|x64.ActiveCfg = Release|x64
		{E7C54733-433B-42D1-A871-A6ACC9F57ED2}.Release|x64.Build.0 = Release|x64
		{E7C54733-433B-42D1-A871-A6ACC9F57ED2}.Release|x86.ActiveCfg = Release|Win32
		{E7C54733-433B-42D1-A871-A6ACC9F57ED2}.Release|x86.Build.0 = Release|Win32
	EndGlobalSection
	GlobalSection(SolutionProperties) = preSolution
		HideSolutionNode = FALSE
	EndGlobalSection
	GlobalSection(ExtensibilityGlobals) = postSolution
		SolutionGuid = {4FE7999E-5935-43BF-86F3-F8728EE8234F}
	EndGlobalSection
EndGlobal
